
Microsoft Visual Studio Solution File, Format Version 11.00
# Visual Studio 2010
Project("{FAE04EC0-301F-11D3-BF4B-00C04F79EFBC}") = "AddressByStreet", "AddressByStreet\AddressByStreet.csproj", "{A4487703-F44A-4336-8D39-F5D4F59F4774}"
EndProject
Project("{FAE04EC0-301F-11D3-BF4B-00C04F79EFBC}") = "AddressByStreetTest", "AddressByStreetTest\AddressByStreetTest.csproj", "{6AB1CFB3-236D-45FE-B40C-F8A36F8C32DB}"
EndProject
Project("{2150E333-8FDC-42A3-9474-1A3956D46DE8}") = "Solution Items", "Solution Items", "{0F69BDF2-4FCD-4E6E-A485-193A2438A255}"
	ProjectSection(SolutionItems) = preProject
		AddressByStreet.vsmdi = AddressByStreet.vsmdi
		Local.testsettings = Local.testsettings
		TraceAndTestImpact.testsettings = TraceAndTestImpact.testsettings
	EndProjectSection
EndProject
Project("{FAE04EC0-301F-11D3-BF4B-00C04F79EFBC}") = "AddressBook", "AddressBook\AddressBook.csproj", "{2373DBEB-3A67-45CA-BF53-A736ECA30A25}"
EndProject
Global
	GlobalSection(TestCaseManagementSettings) = postSolution
		CategoryFile = AddressByStreet.vsmdi
	EndGlobalSection
	GlobalSection(SolutionConfigurationPlatforms) = preSolution
		Debug|Any CPU = Debug|Any CPU
		Debug|Mixed Platforms = Debug|Mixed Platforms
		Debug|x86 = Debug|x86
		Release|Any CPU = Release|Any CPU
		Release|Mixed Platforms = Release|Mixed Platforms
		Release|x86 = Release|x86
	EndGlobalSection
	GlobalSection(ProjectConfigurationPlatforms) = postSolution
		{A4487703-F44A-4336-8D39-F5D4F59F4774}.Debug|Any CPU.ActiveCfg = Debug|x86
		{A4487703-F44A-4336-8D39-F5D4F59F4774}.Debug|Mixed Platforms.ActiveCfg = Debug|x86
		{A4487703-F44A-4336-8D39-F5D4F59F4774}.Debug|Mixed Platforms.Build.0 = Debug|x86
		{A4487703-F44A-4336-8D39-F5D4F59F4774}.Debug|x86.ActiveCfg = Debug|x86
		{A4487703-F44A-4336-8D39-F5D4F59F4774}.Debug|x86.Build.0 = Debug|x86
		{A4487703-F44A-4336-8D39-F5D4F59F4774}.Release|Any CPU.ActiveCfg = Release|x86
		{A4487703-F44A-4336-8D39-F5D4F59F4774}.Release|Mixed Platforms.ActiveCfg = Release|x86
		{A4487703-F44A-4336-8D39-F5D4F59F4774}.Release|Mixed Platforms.Build.0 = Release|x86
		{A4487703-F44A-4336-8D39-F5D4F59F4774}.Release|x86.ActiveCfg = Release|x86
		{A4487703-F44A-4336-8D39-F5D4F59F4774}.Release|x86.Build.0 = Release|x86
		{6AB1CFB3-236D-45FE-B40C-F8A36F8C32DB}.Debug|Any CPU.ActiveCfg = Debug|Any CPU
		{6AB1CFB3-236D-45FE-B40C-F8A36F8C32DB}.Debug|Any CPU.Build.0 = Debug|Any CPU
		{6AB1CFB3-236D-45FE-B40C-F8A36F8C32DB}.Debug|Mixed Platforms.ActiveCfg = Debug|Any CPU
		{6AB1CFB3-236D-45FE-B40C-F8A36F8C32DB}.Debug|Mixed Platforms.Build.0 = Debug|Any CPU
		{6AB1CFB3-236D-45FE-B40C-F8A36F8C32DB}.Debug|x86.ActiveCfg = Debug|Any CPU
		{6AB1CFB3-236D-45FE-B40C-F8A36F8C32DB}.Release|Any CPU.ActiveCfg = Release|Any CPU
		{6AB1CFB3-236D-45FE-B40C-F8A36F8C32DB}.Release|Any CPU.Build.0 = Release|Any CPU
		{6AB1CFB3-236D-45FE-B40C-F8A36F8C32DB}.Release|Mixed Platforms.ActiveCfg = Release|Any CPU
		{6AB1CFB3-236D-45FE-B40C-F8A36F8C32DB}.Release|Mixed Platforms.Build.0 = Release|Any CPU
		{6AB1CFB3-236D-45FE-B40C-F8A36F8C32DB}.Release|x86.ActiveCfg = Release|Any CPU
		{2373DBEB-3A67-45CA-BF53-A736ECA30A25}.Debug|Any CPU.ActiveCfg = Debug|x86
		{2373DBEB-3A67-45CA-BF53-A736ECA30A25}.Debug|Mixed Platforms.ActiveCfg = Debug|x86
		{2373DBEB-3A67-45CA-BF53-A736ECA30A25}.Debug|Mixed Platforms.Build.0 = Debug|x86
		{2373DBEB-3A67-45CA-BF53-A736ECA30A25}.Debug|x86.ActiveCfg = Debug|x86
		{2373DBEB-3A67-45CA-BF53-A736ECA30A25}.Debug|x86.Build.0 = Debug|x86
		{2373DBEB-3A67-45CA-BF53-A736ECA30A25}.Release|Any CPU.ActiveCfg = Release|x86
		{2373DBEB-3A67-45CA-BF53-A736ECA30A25}.Release|Mixed Platforms.ActiveCfg = Release|x86
		{2373DBEB-3A67-45CA-BF53-A736ECA30A25}.Release|Mixed Platforms.Build.0 = Release|x86
		{2373DBEB-3A67-45CA-BF53-A736ECA30A25}.Release|x86.ActiveCfg = Release|x86
		{2373DBEB-3A67-45CA-BF53-A736ECA30A25}.Release|x86.Build.0 = Release|x86
	EndGlobalSection
	GlobalSection(SolutionProperties) = preSolution
		HideSolutionNode = FALSE
	EndGlobalSection
EndGlobal
